
Microsoft Visual Studio Solution File, Format Version 12.00
# Visual Studio Version 17
VisualStudioVersion = 17.14.36301.6 d17.14
MinimumVisualStudioVersion = 10.0.40219.1
Project("{FAE04EC0-301F-11D3-BF4B-00C04F79EFBC}") = "GodownERP.Api", "GodownERP.Api.csproj", "{48087C42-46F5-4B66-99FA-C6809AC9354F}"
EndProject
Project("{FAE04EC0-301F-11D3-BF4B-00C04F79EFBC}") = "GodownERP.Domain", "..\GodownERP.Domain\GodownERP.Domain.csproj", "{3BEB89BF-6C4D-4964-928B-3267ED5AD723}"
EndProject
Project("{FAE04EC0-301F-11D3-BF4B-00C04F79EFBC}") = "GodownERP.Application", "..\GodownERP.Application\GodownERP.Application.csproj", "{B1FBCCC2-8619-47F1-A1F5-B97BE3D4912B}"
EndProject
Project("{FAE04EC0-301F-11D3-BF4B-00C04F79EFBC}") = "GodownERP.Infrastructure", "..\GodownERP.Infrastructure\GodownERP.Infrastructure.csproj", "{FC1BF008-ACF6-4C03-8118-00FE4FB3AC13}"
EndProject
Global
	GlobalSection(SolutionConfigurationPlatforms) = preSolution
		Debug|Any CPU = Debug|Any CPU
		Release|Any CPU = Release|Any CPU
	EndGlobalSection
	GlobalSection(ProjectConfigurationPlatforms) = postSolution
		{48087C42-46F5-4B66-99FA-C6809AC9354F}.Debug|Any CPU.ActiveCfg = Debug|Any CPU
		{48087C42-46F5-4B66-99FA-C6809AC9354F}.Debug|Any CPU.Build.0 = Debug|Any CPU
		{48087C42-46F5-4B66-99FA-C6809AC9354F}.Release|Any CPU.ActiveCfg = Release|Any CPU
		{48087C42-46F5-4B66-99FA-C6809AC9354F}.Release|Any CPU.Build.0 = Release|Any CPU
		{3BEB89BF-6C4D-4964-928B-3267ED5AD723}.Debug|Any CPU.ActiveCfg = Debug|Any CPU
		{3BEB89BF-6C4D-4964-928B-3267ED5AD723}.Debug|Any CPU.Build.0 = Debug|Any CPU
		{3BEB89BF-6C4D-4964-928B-3267ED5AD723}.Release|Any CPU.ActiveCfg = Release|Any CPU
		{3BEB89BF-6C4D-4964-928B-3267ED5AD723}.Release|Any CPU.Build.0 = Release|Any CPU
		{B1FBCCC2-8619-47F1-A1F5-B97BE3D4912B}.Debug|Any CPU.ActiveCfg = Debug|Any CPU
		{B1FBCCC2-8619-47F1-A1F5-B97BE3D4912B}.Debug|Any CPU.Build.0 = Debug|Any CPU
		{B1FBCCC2-8619-47F1-A1F5-B97BE3D4912B}.Release|Any CPU.ActiveCfg = Release|Any CPU
		{B1FBCCC2-8619-47F1-A1F5-B97BE3D4912B}.Release|Any CPU.Build.0 = Release|Any CPU
		{FC1BF008-ACF6-4C03-8118-00FE4FB3AC13}.Debug|Any CPU.ActiveCfg = Debug|Any CPU
		{FC1BF008-ACF6-4C03-8118-00FE4FB3AC13}.Debug|Any CPU.Build.0 = Debug|Any CPU
		{FC1BF008-ACF6-4C03-8118-00FE4FB3AC13}.Release|Any CPU.ActiveCfg = Release|Any CPU
		{FC1BF008-ACF6-4C03-8118-00FE4FB3AC13}.Release|Any CPU.Build.0 = Release|Any CPU
	EndGlobalSection
	GlobalSection(SolutionProperties) = preSolution
		HideSolutionNode = FALSE
	EndGlobalSection
	GlobalSection(ExtensibilityGlobals) = postSolution
		SolutionGuid = {03CBE354-2616-44BA-9A8F-20E147946144}
	EndGlobalSection
EndGlobal
